
Microsoft Visual Studio Solution File, Format Version 12.00
Project("{FAE04EC0-301F-11D3-BF4B-00C04F79EFBC}") = "SkyRoc", "SkyRoc\SkyRoc.csproj", "{55A0336F-C24F-4367-A22B-7FD81D3BDB05}"
EndProject
Project("{FAE04EC0-301F-11D3-BF4B-00C04F79EFBC}") = "Domain", "Domain\Domain.csproj", "{9642275F-7BEE-4DC2-9990-4FD6E3DE64C6}"
EndProject
Project("{FAE04EC0-301F-11D3-BF4B-00C04F79EFBC}") = "Infrastructure", "Infrastructure\Infrastructure.csproj", "{ACA3C092-3B34-4FD3-8488-62C2062A1F51}"
EndProject
Project("{FAE04EC0-301F-11D3-BF4B-00C04F79EFBC}") = "Application", "Application\Application.csproj", "{E1EAFE77-2A8B-4C4F-80AB-C84F7483714D}"
EndProject
Project("{FAE04EC0-301F-11D3-BF4B-00C04F79EFBC}") = "Shared", "Shared\Shared.csproj", "{10C17E5C-7133-4269-BB49-0ABF05EE3789}"
EndProject
Project("{FAE04EC0-301F-11D3-BF4B-00C04F79EFBC}") = "SkyRoc.Tests", "SkyRoc.Tests\SkyRoc.Tests.csproj", "{98E7422F-6B8F-49AD-A341-1FA9E01F9EC9}"
EndProject
Global
	GlobalSection(SolutionConfigurationPlatforms) = preSolution
		Debug|Any CPU = Debug|Any CPU
		Debug|x64 = Debug|x64
		Debug|x86 = Debug|x86
		Release|Any CPU = Release|Any CPU
		Release|x64 = Release|x64
		Release|x86 = Release|x86
	EndGlobalSection
	GlobalSection(ProjectConfigurationPlatforms) = postSolution
		{55A0336F-C24F-4367-A22B-7FD81D3BDB05}.Debug|Any CPU.ActiveCfg = Debug|Any CPU
		{55A0336F-C24F-4367-A22B-7FD81D3BDB05}.Debug|Any CPU.Build.0 = Debug|Any CPU
		{55A0336F-C24F-4367-A22B-7FD81D3BDB05}.Debug|x64.ActiveCfg = Debug|Any CPU
		{55A0336F-C24F-4367-A22B-7FD81D3BDB05}.Debug|x64.Build.0 = Debug|Any CPU
		{55A0336F-C24F-4367-A22B-7FD81D3BDB05}.Debug|x86.ActiveCfg = Debug|Any CPU
		{55A0336F-C24F-4367-A22B-7FD81D3BDB05}.Debug|x86.Build.0 = Debug|Any CPU
		{55A0336F-C24F-4367-A22B-7FD81D3BDB05}.Release|Any CPU.ActiveCfg = Release|Any CPU
		{55A0336F-C24F-4367-A22B-7FD81D3BDB05}.Release|Any CPU.Build.0 = Release|Any CPU
		{55A0336F-C24F-4367-A22B-7FD81D3BDB05}.Release|x64.ActiveCfg = Release|Any CPU
		{55A0336F-C24F-4367-A22B-7FD81D3BDB05}.Release|x64.Build.0 = Release|Any CPU
		{55A0336F-C24F-4367-A22B-7FD81D3BDB05}.Release|x86.ActiveCfg = Release|Any CPU
		{55A0336F-C24F-4367-A22B-7FD81D3BDB05}.Release|x86.Build.0 = Release|Any CPU
		{9642275F-7BEE-4DC2-9990-4FD6E3DE64C6}.Debug|Any CPU.ActiveCfg = Debug|Any CPU
		{9642275F-7BEE-4DC2-9990-4FD6E3DE64C6}.Debug|Any CPU.Build.0 = Debug|Any CPU
		{9642275F-7BEE-4DC2-9990-4FD6E3DE64C6}.Debug|x64.ActiveCfg = Debug|Any CPU
		{9642275F-7BEE-4DC2-9990-4FD6E3DE64C6}.Debug|x64.Build.0 = Debug|Any CPU
		{9642275F-7BEE-4DC2-9990-4FD6E3DE64C6}.Debug|x86.ActiveCfg = Debug|Any CPU
		{9642275F-7BEE-4DC2-9990-4FD6E3DE64C6}.Debug|x86.Build.0 = Debug|Any CPU
		{9642275F-7BEE-4DC2-9990-4FD6E3DE64C6}.Release|Any CPU.ActiveCfg = Release|Any CPU
		{9642275F-7BEE-4DC2-9990-4FD6E3DE64C6}.Release|Any CPU.Build.0 = Release|Any CPU
		{9642275F-7BEE-4DC2-9990-4FD6E3DE64C6}.Release|x64.ActiveCfg = Release|Any CPU
		{9642275F-7BEE-4DC2-9990-4FD6E3DE64C6}.Release|x64.Build.0 = Release|Any CPU
		{9642275F-7BEE-4DC2-9990-4FD6E3DE64C6}.Release|x86.ActiveCfg = Release|Any CPU
		{9642275F-7BEE-4DC2-9990-4FD6E3DE64C6}.Release|x86.Build.0 = Release|Any CPU
		{ACA3C092-3B34-4FD3-8488-62C2062A1F51}.Debug|Any CPU.ActiveCfg = Debug|Any CPU
		{ACA3C092-3B34-4FD3-8488-62C2062A1F51}.Debug|Any CPU.Build.0 = Debug|Any CPU
		{ACA3C092-3B34-4FD3-8488-62C2062A1F51}.Debug|x64.ActiveCfg = Debug|Any CPU
		{ACA3C092-3B34-4FD3-8488-62C2062A1F51}.Debug|x64.Build.0 = Debug|Any CPU
		{ACA3C092-3B34-4FD3-8488-62C2062A1F51}.Debug|x86.ActiveCfg = Debug|Any CPU
		{ACA3C092-3B34-4FD3-8488-62C2062A1F51}.Debug|x86.Build.0 = Debug|Any CPU
		{ACA3C092-3B34-4FD3-8488-62C2062A1F51}.Release|Any CPU.ActiveCfg = Release|Any CPU
		{ACA3C092-3B34-4FD3-8488-62C2062A1F51}.Release|Any CPU.Build.0 = Release|Any CPU
		{ACA3C092-3B34-4FD3-8488-62C2062A1F51}.Release|x64.ActiveCfg = Release|Any CPU
		{ACA3C092-3B34-4FD3-8488-62C2062A1F51}.Release|x64.Build.0 = Release|Any CPU
		{ACA3C092-3B34-4FD3-8488-62C2062A1F51}.Release|x86.ActiveCfg = Release|Any CPU
		{ACA3C092-3B34-4FD3-8488-62C2062A1F51}.Release|x86.Build.0 = Release|Any CPU
		{E1EAFE77-2A8B-4C4F-80AB-C84F7483714D}.Debug|Any CPU.ActiveCfg = Debug|Any CPU
		{E1EAFE77-2A8B-4C4F-80AB-C84F7483714D}.Debug|Any CPU.Build.0 = Debug|Any CPU
		{E1EAFE77-2A8B-4C4F-80AB-C84F7483714D}.Debug|x64.ActiveCfg = Debug|Any CPU
		{E1EAFE77-2A8B-4C4F-80AB-C84F7483714D}.Debug|x64.Build.0 = Debug|Any CPU
		{E1EAFE77-2A8B-4C4F-80AB-C84F7483714D}.Debug|x86.ActiveCfg = Debug|Any CPU
		{E1EAFE77-2A8B-4C4F-80AB-C84F7483714D}.Debug|x86.Build.0 = Debug|Any CPU
		{E1EAFE77-2A8B-4C4F-80AB-C84F7483714D}.Release|Any CPU.ActiveCfg = Release|Any CPU
		{E1EAFE77-2A8B-4C4F-80AB-C84F7483714D}.Release|Any CPU.Build.0 = Release|Any CPU
		{E1EAFE77-2A8B-4C4F-80AB-C84F7483714D}.Release|x64.ActiveCfg = Release|Any CPU
		{E1EAFE77-2A8B-4C4F-80AB-C84F7483714D}.Release|x64.Build.0 = Release|Any CPU
		{E1EAFE77-2A8B-4C4F-80AB-C84F7483714D}.Release|x86.ActiveCfg = Release|Any CPU
		{E1EAFE77-2A8B-4C4F-80AB-C84F7483714D}.Release|x86.Build.0 = Release|Any CPU
		{10C17E5C-7133-4269-BB49-0ABF05EE3789}.Debug|Any CPU.ActiveCfg = Debug|Any CPU
		{10C17E5C-7133-4269-BB49-0ABF05EE3789}.Debug|Any CPU.Build.0 = Debug|Any CPU
		{10C17E5C-7133-4269-BB49-0ABF05EE3789}.Debug|x64.ActiveCfg = Debug|Any CPU
		{10C17E5C-7133-4269-BB49-0ABF05EE3789}.Debug|x64.Build.0 = Debug|Any CPU
		{10C17E5C-7133-4269-BB49-0ABF05EE3789}.Debug|x86.ActiveCfg = Debug|Any CPU
		{10C17E5C-7133-4269-BB49-0ABF05EE3789}.Debug|x86.Build.0 = Debug|Any CPU
		{10C17E5C-7133-4269-BB49-0ABF05EE3789}.Release|Any CPU.ActiveCfg = Release|Any CPU
		{10C17E5C-7133-4269-BB49-0ABF05EE3789}.Release|Any CPU.Build.0 = Release|Any CPU
		{10C17E5C-7133-4269-BB49-0ABF05EE3789}.Release|x64.ActiveCfg = Release|Any CPU
		{10C17E5C-7133-4269-BB49-0ABF05EE3789}.Release|x64.Build.0 = Release|Any CPU
		{10C17E5C-7133-4269-BB49-0ABF05EE3789}.Release|x86.ActiveCfg = Release|Any CPU
		{10C17E5C-7133-4269-BB49-0ABF05EE3789}.Release|x86.Build.0 = Release|Any CPU
		{98E7422F-6B8F-49AD-A341-1FA9E01F9EC9}.Debug|Any CPU.ActiveCfg = Debug|Any CPU
		{98E7422F-6B8F-49AD-A341-1FA9E01F9EC9}.Debug|Any CPU.Build.0 = Debug|Any CPU
		{98E7422F-6B8F-49AD-A341-1FA9E01F9EC9}.Debug|x64.ActiveCfg = Debug|Any CPU
		{98E7422F-6B8F-49AD-A341-1FA9E01F9EC9}.Debug|x64.Build.0 = Debug|Any CPU
		{98E7422F-6B8F-49AD-A341-1FA9E01F9EC9}.Debug|x86.ActiveCfg = Debug|Any CPU
		{98E7422F-6B8F-49AD-A341-1FA9E01F9EC9}.Debug|x86.Build.0 = Debug|Any CPU
		{98E7422F-6B8F-49AD-A341-1FA9E01F9EC9}.Release|Any CPU.ActiveCfg = Release|Any CPU
		{98E7422F-6B8F-49AD-A341-1FA9E01F9EC9}.Release|Any CPU.Build.0 = Release|Any CPU
		{98E7422F-6B8F-49AD-A341-1FA9E01F9EC9}.Release|x64.ActiveCfg = Release|Any CPU
		{98E7422F-6B8F-49AD-A341-1FA9E01F9EC9}.Release|x64.Build.0 = Release|Any CPU
		{98E7422F-6B8F-49AD-A341-1FA9E01F9EC9}.Release|x86.ActiveCfg = Release|Any CPU
		{98E7422F-6B8F-49AD-A341-1FA9E01F9EC9}.Release|x86.Build.0 = Release|Any CPU
	EndGlobalSection
	GlobalSection(SolutionProperties) = preSolution
		HideSolutionNode = FALSE
	EndGlobalSection
EndGlobal
